
Microsoft Visual Studio Solution File, Format Version 12.00
# Visual Studio Version 17
VisualStudioVersion = 17.8.34728.176
MinimumVisualStudioVersion = 10.0.40219.1
Project("{FAE04EC0-301F-11D3-BF4B-00C04F79EFBC}") = "SHIPPERSRFP", "SHIPPERSRFP\SHIPPERSRFP.csproj", "{F6C3F153-FDCE-4A6C-AB1D-317A97BCEEFB}"
EndProject
Global
	GlobalSection(SolutionConfigurationPlatforms) = preSolution
		Debug|Any CPU = Debug|Any CPU
		Release|Any CPU = Release|Any CPU
	EndGlobalSection
	GlobalSection(ProjectConfigurationPlatforms) = postSolution
		{F6C3F153-FDCE-4A6C-AB1D-317A97BCEEFB}.Debug|Any CPU.ActiveCfg = Debug|Any CPU
		{F6C3F153-FDCE-4A6C-AB1D-317A97BCEEFB}.Debug|Any CPU.Build.0 = Debug|Any CPU
		{F6C3F153-FDCE-4A6C-AB1D-317A97BCEEFB}.Release|Any CPU.ActiveCfg = Release|Any CPU
		{F6C3F153-FDCE-4A6C-AB1D-317A97BCEEFB}.Release|Any CPU.Build.0 = Release|Any CPU
	EndGlobalSection
	GlobalSection(SolutionProperties) = preSolution
		HideSolutionNode = FALSE
	EndGlobalSection
	GlobalSection(ExtensibilityGlobals) = postSolution
		SolutionGuid = {7EFA4434-3A96-451E-8673-661131293748}
	EndGlobalSection
EndGlobal
